
Microsoft Visual Studio Solution File, Format Version 12.00
# Visual Studio Version 16
VisualStudioVersion = 16.0.30804.86
MinimumVisualStudioVersion = 10.0.40219.1
Project("{FAE04EC0-301F-11D3-BF4B-00C04F79EFBC}") = "LILAPICourse", "LILAPICourse.csproj", "{2E4ADBCA-3446-404F-938A-404DCA850D30}"
EndProject
Global
	GlobalSection(SolutionConfigurationPlatforms) = preSolution
		Debug|Any CPU = Debug|Any CPU
		Release|Any CPU = Release|Any CPU
	EndGlobalSection
	GlobalSection(ProjectConfigurationPlatforms) = postSolution
		{2E4ADBCA-3446-404F-938A-404DCA850D30}.Debug|Any CPU.ActiveCfg = Debug|Any CPU
		{2E4ADBCA-3446-404F-938A-404DCA850D30}.Debug|Any CPU.Build.0 = Debug|Any CPU
		{2E4ADBCA-3446-404F-938A-404DCA850D30}.Release|Any CPU.ActiveCfg = Release|Any CPU
		{2E4ADBCA-3446-404F-938A-404DCA850D30}.Release|Any CPU.Build.0 = Release|Any CPU
	EndGlobalSection
	GlobalSection(SolutionProperties) = preSolution
		HideSolutionNode = FALSE
	EndGlobalSection
	GlobalSection(ExtensibilityGlobals) = postSolution
		SolutionGuid = {5B54AA3F-4488-4796-9BDA-04CE41091711}
	EndGlobalSection
EndGlobal
